<?xml version="1.0" encoding="utf-8"?>
<Project ToolsVersion="4.0" xmlns="http://schemas.microsoft.com/developer/msbuild/2003">
  <ItemGroup>
    <Filter Include="소스 파일">
      <UniqueIdentifier>{4FC737F1-C7A5-4376-A066-2A32D752A2FF}</UniqueIdentifier>
      <Extensions>cpp;c;cc;cxx;c++;cppm;ixx;def;odl;idl;hpj;bat;asm;asmx</Extensions>
    </Filter>
    <Filter Include="헤더 파일">
      <UniqueIdentifier>{93995380-89BD-4b04-88EB-625FBE52EBFB}</UniqueIdentifier>
      <Extensions>h;hh;hpp;hxx;h++;hm;inl;inc;ipp;xsd</Extensions>
    </Filter>
    <Filter Include="리소스 파일">
      <UniqueIdentifier>{67DA6AB6-F800-4c08-8B7A-83BB121AAD01}</UniqueIdentifier>
      <Extensions>rc;ico;cur;bmp;dlg;rc2;rct;bin;rgs;gif;jpg;jpeg;jpe;resx;tiff;tif;png;wav;mfcribbon-ms</Extensions>
    </Filter>
  </ItemGroup>
  <ItemGroup>
    <ClInclude Include="pch.h">
      <Filter>헤더 파일</Filter>
    </ClInclude>
    <ClInclude Include="Include\Core\CoreTypes.h">
      <Filter>헤더 파일</Filter>
    </ClInclude>
    <ClInclude Include="Include\Core\Math\MathConstants.h">
      <Filter>헤더 파일</Filter>
    </ClInclude>
    <ClInclude Include="Include\Core\Types\Color.h">
      <Filter>헤더 파일</Filter>
    </ClInclude>
    <ClInclude Include="Include\Core\CoreMacros.h">
      <Filter>헤더 파일</Filter>
    </ClInclude>
    <ClInclude Include="Include\Core\Math\TVectorOperations.h">
      <Filter>헤더 파일</Filter>
    </ClInclude>
    <ClInclude Include="Include\Core\Math\TVector2.h">
      <Filter>헤더 파일</Filter>
    </ClInclude>
    <ClInclude Include="Include\Core\Math\TVector3.h">
      <Filter>헤더 파일</Filter>
    </ClInclude>
    <ClInclude Include="Include\Core\Geometry\TRect.h">
      <Filter>헤더 파일</Filter>
    </ClInclude>
    <ClInclude Include="Include\Core\Types\Color32.h">
      <Filter>헤더 파일</Filter>
    </ClInclude>
    <ClInclude Include="Include\Core\Math\TMatrix4x4.h">
      <Filter>헤더 파일</Filter>
    </ClInclude>
    <ClInclude Include="Include\Core\Math\Transformations.h">
      <Filter>헤더 파일</Filter>
    </ClInclude>
    <ClInclude Include="Include\Core\Math\Projections.h">
      <Filter>헤더 파일</Filter>
    </ClInclude>
    <ClInclude Include="Include\Core\Math\TVector4.h">
      <Filter>헤더 파일</Filter>
    </ClInclude>
    <ClInclude Include="Include\Core\String\Name.h">
      <Filter>헤더 파일</Filter>
    </ClInclude>
    <ClInclude Include="Include\Core\String\NameTypes.h">
      <Filter>헤더 파일</Filter>
    </ClInclude>
    <ClInclude Include="Include\Core\Math\TQuaternion.h">
      <Filter>헤더 파일</Filter>
    </ClInclude>
    <ClInclude Include="Include\Core\Math\Transform.h">
      <Filter>헤더 파일</Filter>
    </ClInclude>
    <ClInclude Include="Include\Core\IO\FileUtility.h">
      <Filter>헤더 파일</Filter>
    </ClInclude>
    <ClInclude Include="Include\Core\Image\ImageData.h">
      <Filter>헤더 파일</Filter>
    </ClInclude>
    <ClInclude Include="Include\Core\Image\EImageFormat.h">
      <Filter>헤더 파일</Filter>
    </ClInclude>
    <ClInclude Include="Include\Core\Image\BMPLoader.h">
      <Filter>헤더 파일</Filter>
    </ClInclude>
    <ClInclude Include="Include\Core\Math\MathUtils.h">
      <Filter>헤더 파일</Filter>
    </ClInclude>
  </ItemGroup>
  <ItemGroup>
    <ClCompile Include="pch.cpp">
      <Filter>소스 파일</Filter>
    </ClCompile>
    <ClCompile Include="Source\String\Name.cpp">
      <Filter>소스 파일</Filter>
    </ClCompile>
    <ClCompile Include="Source\Image\BMPLoader.cpp">
      <Filter>소스 파일</Filter>
    </ClCompile>
  </ItemGroup>
</Project>